# THIS IS AN AUTOGENERATED FILE. DO NOT EDIT THIS FILE DIRECTLY.
# yarn lockfile v1


bisect_ppx@^2.1.0, bisect_ppx@^2.4.1:
  version "2.4.1"
  resolved "https://registry.yarnpkg.com/bisect_ppx/-/bisect_ppx-2.4.1.tgz#57a0743abc6b39e148e83ca840df11133c0d5960"
  integrity sha512-U6sd2mMqg28NEBmB4NuJRUJq0aTrzVCIkv8bnbzaomIZfO0DMWZ7B8QJ5aBY46tbaIeNrvmYWylnNNaoPEWZmw==

bs-bastet@^1.2.5:
  version "1.2.5"
  resolved "https://registry.yarnpkg.com/bs-bastet/-/bs-bastet-1.2.5.tgz#cde1add087e845d428a03c6d8412bd781713ccae"
  integrity sha512-XIMv0CpovzTXmrEnzwnY2M3MuuesbGSzs+yaFvb3NAVyIP/aLlXCRv/roH6qybDBIGwW9JjbB7lxo73yqMi1qg==
  dependencies:
    bisect_ppx "^2.1.0"
    bs-stdlib-shims "^0.1.0"

bs-platform@^7.3.2:
  version "7.3.2"
  resolved "https://registry.yarnpkg.com/bs-platform/-/bs-platform-7.3.2.tgz#301f5c9b4e8cf5713cb60ca22e145e56e793affe"
  integrity sha512-seJL5g4anK9la4erv+B2o2sMHQCxDF6OCRl9en3hbaUos/S3JsusQ0sPp4ORsbx5eXfHLYBwPljwKXlgpXtsgQ==

bs-stdlib-shims@^0.1.0:
  version "0.1.0"
  resolved "https://registry.yarnpkg.com/bs-stdlib-shims/-/bs-stdlib-shims-0.1.0.tgz#f64166392652a07c37b9be462beebb6c0c66a74e"
  integrity sha512-CszWow8iXOKgmzNCc5dR3kERaqzIp3f4nbV7lJF5vS9BHm70GqLlu7OBE/VCPKZ5noG1VtJAIVqIdLFqUdIRUQ==

relude@^0.63.1:
  version "0.63.1"
  resolved "https://registry.yarnpkg.com/relude/-/relude-0.63.1.tgz#a2d4b0bf64a9db287b1ba860253f9fb06962057f"
  integrity sha512-6ZSfdvIBSivTvvWca0+g99gfJwKh4yzFtxFzX1URYeJ2ZNVylOfSA6FF3oon7VOzJS9+EIOoy32xC2VjTtpzGA==
  dependencies:
    bisect_ppx "^2.4.1"
